
Microsoft Visual Studio Solution File, Format Version 12.00
# Visual Studio 15
Project("{FAE04EC0-301F-11D3-BF4B-00C04F79EFBC}") = "Assembly-CSharp", "Assembly-CSharp.csproj", "{F9EFEDBE-6CFF-92F4-19C5-8B98AA58064C}"
EndProject
Project("{FAE04EC0-301F-11D3-BF4B-00C04F79EFBC}") = "Assembly-CSharp-Editor", "Assembly-CSharp-Editor.csproj", "{7FD0965B-2BA0-C120-C1CE-3B628769D5AE}"
EndProject
Global
	GlobalSection(SolutionConfigurationPlatforms) = preSolution
		Debug|Any CPU = Debug|Any CPU
		Release|Any CPU = Release|Any CPU
	EndGlobalSection
	GlobalSection(ProjectConfigurationPlatforms) = postSolution
		{F9EFEDBE-6CFF-92F4-19C5-8B98AA58064C}.Debug|Any CPU.ActiveCfg = Debug|Any CPU
		{F9EFEDBE-6CFF-92F4-19C5-8B98AA58064C}.Debug|Any CPU.Build.0 = Debug|Any CPU
		{F9EFEDBE-6CFF-92F4-19C5-8B98AA58064C}.Release|Any CPU.ActiveCfg = Release|Any CPU
		{F9EFEDBE-6CFF-92F4-19C5-8B98AA58064C}.Release|Any CPU.Build.0 = Release|Any CPU
		{7FD0965B-2BA0-C120-C1CE-3B628769D5AE}.Debug|Any CPU.ActiveCfg = Debug|Any CPU
		{7FD0965B-2BA0-C120-C1CE-3B628769D5AE}.Debug|Any CPU.Build.0 = Debug|Any CPU
		{7FD0965B-2BA0-C120-C1CE-3B628769D5AE}.Release|Any CPU.ActiveCfg = Release|Any CPU
		{7FD0965B-2BA0-C120-C1CE-3B628769D5AE}.Release|Any CPU.Build.0 = Release|Any CPU
	EndGlobalSection
	GlobalSection(SolutionProperties) = preSolution
		HideSolutionNode = FALSE
	EndGlobalSection
EndGlobal
