
Microsoft Visual Studio Solution File, Format Version 12.00
# Visual Studio 15
Project("{FAE04EC0-301F-11D3-BF4B-00C04F79EFBC}") = "Assembly-CSharp", "Assembly-CSharp.csproj", "{D559E995-60F5-CDF4-6285-7D7CAB9EDB80}"
EndProject
Project("{FAE04EC0-301F-11D3-BF4B-00C04F79EFBC}") = "Assembly-CSharp-Editor", "Assembly-CSharp-Editor.csproj", "{D82783A7-E0F1-E177-E35C-B774C87BC27F}"
EndProject
Global
	GlobalSection(SolutionConfigurationPlatforms) = preSolution
		Debug|Any CPU = Debug|Any CPU
		Release|Any CPU = Release|Any CPU
	EndGlobalSection
	GlobalSection(ProjectConfigurationPlatforms) = postSolution
		{D559E995-60F5-CDF4-6285-7D7CAB9EDB80}.Debug|Any CPU.ActiveCfg = Debug|Any CPU
		{D559E995-60F5-CDF4-6285-7D7CAB9EDB80}.Debug|Any CPU.Build.0 = Debug|Any CPU
		{D559E995-60F5-CDF4-6285-7D7CAB9EDB80}.Release|Any CPU.ActiveCfg = Release|Any CPU
		{D559E995-60F5-CDF4-6285-7D7CAB9EDB80}.Release|Any CPU.Build.0 = Release|Any CPU
		{D82783A7-E0F1-E177-E35C-B774C87BC27F}.Debug|Any CPU.ActiveCfg = Debug|Any CPU
		{D82783A7-E0F1-E177-E35C-B774C87BC27F}.Debug|Any CPU.Build.0 = Debug|Any CPU
		{D82783A7-E0F1-E177-E35C-B774C87BC27F}.Release|Any CPU.ActiveCfg = Release|Any CPU
		{D82783A7-E0F1-E177-E35C-B774C87BC27F}.Release|Any CPU.Build.0 = Release|Any CPU
	EndGlobalSection
	GlobalSection(SolutionProperties) = preSolution
		HideSolutionNode = FALSE
	EndGlobalSection
EndGlobal
